
Microsoft Visual Studio Solution File, Format Version 12.00
# Visual Studio Version 17
VisualStudioVersion = 17.14.36203.30 d17.14
MinimumVisualStudioVersion = 10.0.40219.1
Project("{FAE04EC0-301F-11D3-BF4B-00C04F79EFBC}") = "oop_concept", "oop_concept\oop_concept.csproj", "{27558BE4-9894-43F7-80F0-945451841490}"
EndProject
Global
	GlobalSection(SolutionConfigurationPlatforms) = preSolution
		Debug|Any CPU = Debug|Any CPU
		Release|Any CPU = Release|Any CPU
	EndGlobalSection
	GlobalSection(ProjectConfigurationPlatforms) = postSolution
		{27558BE4-9894-43F7-80F0-945451841490}.Debug|Any CPU.ActiveCfg = Debug|Any CPU
		{27558BE4-9894-43F7-80F0-945451841490}.Debug|Any CPU.Build.0 = Debug|Any CPU
		{27558BE4-9894-43F7-80F0-945451841490}.Release|Any CPU.ActiveCfg = Release|Any CPU
		{27558BE4-9894-43F7-80F0-945451841490}.Release|Any CPU.Build.0 = Release|Any CPU
	EndGlobalSection
	GlobalSection(SolutionProperties) = preSolution
		HideSolutionNode = FALSE
	EndGlobalSection
	GlobalSection(ExtensibilityGlobals) = postSolution
		SolutionGuid = {20FDAA43-39EF-4FC9-9AC8-40182AE5E051}
	EndGlobalSection
EndGlobal
